
Microsoft Visual Studio Solution File, Format Version 12.00
# Visual Studio 15
VisualStudioVersion = 15.0.27703.2026
MinimumVisualStudioVersion = 10.0.40219.1
Project("{FAE04EC0-301F-11D3-BF4B-00C04F79EFBC}") = "college.webapi", "college.webapi\college.webapi.csproj", "{8B7C5310-7F77-4E61-AA16-8A57CA2EBAAB}"
EndProject
Project("{FAE04EC0-301F-11D3-BF4B-00C04F79EFBC}") = "college.models", "college.models\college.models.csproj", "{B4EBDC2D-293B-49F1-ACBE-8187D3AD5202}"
EndProject
Project("{FAE04EC0-301F-11D3-BF4B-00C04F79EFBC}") = "college.entity", "college.entity\college.entity.csproj", "{DA92F4F7-FA8F-44E2-9297-59380E849F7F}"
EndProject
Project("{FAE04EC0-301F-11D3-BF4B-00C04F79EFBC}") = "college.interface", "college.interface\college.interface.csproj", "{30386D14-2CB1-4F29-8D2F-DEC5773D123A}"
EndProject
Global
	GlobalSection(SolutionConfigurationPlatforms) = preSolution
		Debug|Any CPU = Debug|Any CPU
		Release|Any CPU = Release|Any CPU
	EndGlobalSection
	GlobalSection(ProjectConfigurationPlatforms) = postSolution
		{8B7C5310-7F77-4E61-AA16-8A57CA2EBAAB}.Debug|Any CPU.ActiveCfg = Debug|Any CPU
		{8B7C5310-7F77-4E61-AA16-8A57CA2EBAAB}.Debug|Any CPU.Build.0 = Debug|Any CPU
		{8B7C5310-7F77-4E61-AA16-8A57CA2EBAAB}.Release|Any CPU.ActiveCfg = Release|Any CPU
		{8B7C5310-7F77-4E61-AA16-8A57CA2EBAAB}.Release|Any CPU.Build.0 = Release|Any CPU
		{B4EBDC2D-293B-49F1-ACBE-8187D3AD5202}.Debug|Any CPU.ActiveCfg = Debug|Any CPU
		{B4EBDC2D-293B-49F1-ACBE-8187D3AD5202}.Debug|Any CPU.Build.0 = Debug|Any CPU
		{B4EBDC2D-293B-49F1-ACBE-8187D3AD5202}.Release|Any CPU.ActiveCfg = Release|Any CPU
		{B4EBDC2D-293B-49F1-ACBE-8187D3AD5202}.Release|Any CPU.Build.0 = Release|Any CPU
		{DA92F4F7-FA8F-44E2-9297-59380E849F7F}.Debug|Any CPU.ActiveCfg = Debug|Any CPU
		{DA92F4F7-FA8F-44E2-9297-59380E849F7F}.Debug|Any CPU.Build.0 = Debug|Any CPU
		{DA92F4F7-FA8F-44E2-9297-59380E849F7F}.Release|Any CPU.ActiveCfg = Release|Any CPU
		{DA92F4F7-FA8F-44E2-9297-59380E849F7F}.Release|Any CPU.Build.0 = Release|Any CPU
		{30386D14-2CB1-4F29-8D2F-DEC5773D123A}.Debug|Any CPU.ActiveCfg = Debug|Any CPU
		{30386D14-2CB1-4F29-8D2F-DEC5773D123A}.Debug|Any CPU.Build.0 = Debug|Any CPU
		{30386D14-2CB1-4F29-8D2F-DEC5773D123A}.Release|Any CPU.ActiveCfg = Release|Any CPU
		{30386D14-2CB1-4F29-8D2F-DEC5773D123A}.Release|Any CPU.Build.0 = Release|Any CPU
	EndGlobalSection
	GlobalSection(SolutionProperties) = preSolution
		HideSolutionNode = FALSE
	EndGlobalSection
	GlobalSection(ExtensibilityGlobals) = postSolution
		SolutionGuid = {AF0015B0-A0EC-451F-BEE7-546EADB02F70}
	EndGlobalSection
EndGlobal
